{
  "nodes": {
    "brew-src": {
      "flake": false,
      "locked": {
        "lastModified": 1751910772,
        "narHash": "sha256-jQNdIkq2iRDNWskd5f8kX6q9BO/CBSXhMH41WNRft8E=",
        "owner": "Homebrew",
        "repo": "brew",
        "rev": "700d67a85e0129ab8a893ff69246943479e33df1",
        "type": "github"
      },
      "original": {
        "owner": "Homebrew",
        "ref": "4.5.9",
        "repo": "brew",
        "type": "github"
      }
    },
    "devshell": {
      "inputs": {
        "nixpkgs": "nixpkgs"
      },
      "locked": {
        "lastModified": 1741473158,
        "narHash": "sha256-kWNaq6wQUbUMlPgw8Y+9/9wP0F8SHkjy24/mN3UAppg=",
        "owner": "numtide",
        "repo": "devshell",
        "rev": "7c9e793ebe66bcba8292989a68c0419b737a22a0",
        "type": "github"
      },
      "original": {
        "owner": "numtide",
        "repo": "devshell",
        "type": "github"
      }
    },
    "fenix": {
      "inputs": {
        "nixpkgs": [
          "laio",
          "nixpkgs"
        ],
        "rust-analyzer-src": "rust-analyzer-src"
      },
      "locked": {
        "lastModified": 1752907304,
        "narHash": "sha256-rSw0b/ahoZebcp+AZG7uoScB5Q59TYEE5Kx8k0pZp9E=",
        "owner": "nix-community",
        "repo": "fenix",
        "rev": "e91719882d0e4366202cc9058eb21df74c0bdb92",
        "type": "github"
      },
      "original": {
        "owner": "nix-community",
        "repo": "fenix",
        "type": "github"
      }
    },
    "flake-utils": {
      "inputs": {
        "systems": "systems"
      },
      "locked": {
        "lastModified": 1731533236,
        "narHash": "sha256-l0KFg5HjrsfsO/JpG+r7fRrqm12kzFHyUHqHCVpMMbI=",
        "owner": "numtide",
        "repo": "flake-utils",
        "rev": "11707dc2f618dd54ca8739b309ec4fc024de578b",
        "type": "github"
      },
      "original": {
        "owner": "numtide",
        "repo": "flake-utils",
        "type": "github"
      }
    },
    "home-manager": {
      "inputs": {
        "nixpkgs": [
          "nixpkgs"
        ]
      },
      "locked": {
        "lastModified": 1753387274,
        "narHash": "sha256-Y1hAI9h+9DLBbgKvZBsHaeptFIcRw4iC6ySPmzyqmlM=",
        "owner": "nix-community",
        "repo": "home-manager",
        "rev": "a35f6b60430ff0c7803bd2a727df84c87569c167",
        "type": "github"
      },
      "original": {
        "owner": "nix-community",
        "ref": "master",
        "repo": "home-manager",
        "type": "github"
      }
    },
    "homebrew-bundle": {
      "flake": false,
      "locked": {
        "lastModified": 1745335228,
        "narHash": "sha256-TIKR2UgtyUmHLNZp255/vLs+1I10hXe+sciMEbAGFwE=",
        "owner": "homebrew",
        "repo": "homebrew-bundle",
        "rev": "a3265c84b232e13048ecbf6fc18a2eedfadbeb08",
        "type": "github"
      },
      "original": {
        "owner": "homebrew",
        "repo": "homebrew-bundle",
        "type": "github"
      }
    },
    "homebrew-cask": {
      "flake": false,
      "locked": {
        "lastModified": 1753452259,
        "narHash": "sha256-/SZc9M/AIC+CNHWxVuTxW5bKNGcQZ/+b+htZQLLYjds=",
        "owner": "homebrew",
        "repo": "homebrew-cask",
        "rev": "98e4a3c786e080a4e804401c2228d44c2f19247a",
        "type": "github"
      },
      "original": {
        "owner": "homebrew",
        "repo": "homebrew-cask",
        "type": "github"
      }
    },
    "homebrew-core": {
      "flake": false,
      "locked": {
        "lastModified": 1753453170,
        "narHash": "sha256-44wZpKy4Hbk/cmUMSsCzS2468mA8ArhV6bbjO0AzH1A=",
        "owner": "homebrew",
        "repo": "homebrew-core",
        "rev": "5168c3fe2bfd4fe74da200b5a10a051b4094ec20",
        "type": "github"
      },
      "original": {
        "owner": "homebrew",
        "repo": "homebrew-core",
        "type": "github"
      }
    },
    "homebrew-hashicorp": {
      "flake": false,
      "locked": {
        "lastModified": 1753436297,
        "narHash": "sha256-WsRGNe6q0C4bOeVTpvVkKZS1/ah1lrn02/9AwV015t0=",
        "owner": "hashicorp",
        "repo": "homebrew-tap",
        "rev": "d97d1035ba6e7f2df7a4100ed45346e43b369017",
        "type": "github"
      },
      "original": {
        "owner": "hashicorp",
        "repo": "homebrew-tap",
        "type": "github"
      }
    },
    "homebrew-moonlight": {
      "flake": false,
      "locked": {
        "lastModified": 1751330376,
        "narHash": "sha256-xr2Z1igapJZ5eO+woftERtMfRMhm/EbI1WSJaRjpGw4=",
        "owner": "moonlight8978",
        "repo": "homebrew-tap",
        "rev": "217001328b5caa1d23f1c8473aa81b6dbaea257f",
        "type": "github"
      },
      "original": {
        "owner": "moonlight8978",
        "repo": "homebrew-tap",
        "type": "github"
      }
    },
    "homebrew-services": {
      "flake": false,
      "locked": {
        "lastModified": 1742475690,
        "narHash": "sha256-qg3/+iHtnFe6VxGapisTatGnoH0XG4BnWWqwwzWYzk0=",
        "owner": "homebrew",
        "repo": "homebrew-services",
        "rev": "2c294ab9515576d961cea28c93148c6452db2def",
        "type": "github"
      },
      "original": {
        "owner": "homebrew",
        "repo": "homebrew-services",
        "type": "github"
      }
    },
    "homebrew-youtube-music": {
      "flake": false,
      "locked": {
        "lastModified": 1731101531,
        "narHash": "sha256-XD4ShzgYp4/BLSQO112pXAb5SxGrQr1MRaepfjTB2CA=",
        "owner": "th-ch",
        "repo": "homebrew-youtube-music",
        "rev": "9ccc1e40dd77c2b21564b470ed9fca50b07bceb1",
        "type": "github"
      },
      "original": {
        "owner": "th-ch",
        "repo": "homebrew-youtube-music",
        "type": "github"
      }
    },
    "laio": {
      "inputs": {
        "devshell": "devshell",
        "fenix": "fenix",
        "flake-utils": "flake-utils",
        "nixpkgs": "nixpkgs_2"
      },
      "locked": {
        "lastModified": 1753202379,
        "narHash": "sha256-UZJxKjtS+or869qRuN7K7ALNGHkXxhSqd22eqVc0Ms0=",
        "owner": "ck3mp3r",
        "repo": "laio-cli",
        "rev": "3e0d9869bbcd7e193472737cf8b7d4d57c2a9478",
        "type": "github"
      },
      "original": {
        "owner": "ck3mp3r",
        "repo": "laio-cli",
        "type": "github"
      }
    },
    "nix-darwin": {
      "inputs": {
        "nixpkgs": [
          "nixpkgs"
        ]
      },
      "locked": {
        "lastModified": 1751313918,
        "narHash": "sha256-HsJM3XLa43WpG+665aGEh8iS8AfEwOIQWk3Mke3e7nk=",
        "owner": "nix-darwin",
        "repo": "nix-darwin",
        "rev": "e04a388232d9a6ba56967ce5b53a8a6f713cdfcf",
        "type": "github"
      },
      "original": {
        "owner": "nix-darwin",
        "ref": "master",
        "repo": "nix-darwin",
        "type": "github"
      }
    },
    "nix-flatpak": {
      "locked": {
        "lastModified": 1751276396,
        "narHash": "sha256-oOYrnKStMsOXST+wKnzuSZ49h8Dr1Q3mIn2f5Kb5GAw=",
        "owner": "gmodena",
        "repo": "nix-flatpak",
        "rev": "59adb9ad1cbd915494fc35cd0e0a9d582ca9de74",
        "type": "github"
      },
      "original": {
        "owner": "gmodena",
        "ref": "main",
        "repo": "nix-flatpak",
        "type": "github"
      }
    },
    "nix-homebrew": {
      "inputs": {
        "brew-src": "brew-src"
      },
      "locked": {
        "lastModified": 1752160973,
        "narHash": "sha256-BCC8KB7TEtwv7vZN1WDu870tRbXtzUcmF9xNr6ws5Wc=",
        "owner": "zhaofengli",
        "repo": "nix-homebrew",
        "rev": "69c1aa2f136f3c3326d9b6770e0eb54f12832971",
        "type": "github"
      },
      "original": {
        "owner": "zhaofengli",
        "repo": "nix-homebrew",
        "type": "github"
      }
    },
    "nixpkgs": {
      "locked": {
        "lastModified": 1722073938,
        "narHash": "sha256-OpX0StkL8vpXyWOGUD6G+MA26wAXK6SpT94kLJXo6B4=",
        "owner": "NixOS",
        "repo": "nixpkgs",
        "rev": "e36e9f57337d0ff0cf77aceb58af4c805472bfae",
        "type": "github"
      },
      "original": {
        "owner": "NixOS",
        "ref": "nixpkgs-unstable",
        "repo": "nixpkgs",
        "type": "github"
      }
    },
    "nixpkgs_2": {
      "locked": {
        "lastModified": 1752972951,
        "narHash": "sha256-ky0o6yTWs5qU1/O+BLjskbVPQtis1/mGRl5cvoLYa+8=",
        "owner": "NixOs",
        "repo": "nixpkgs",
        "rev": "2f8fd401b92d308dc037eb24b4221bcf43f63be3",
        "type": "github"
      },
      "original": {
        "owner": "NixOs",
        "repo": "nixpkgs",
        "type": "github"
      }
    },
    "nixpkgs_3": {
      "locked": {
        "lastModified": 1753399495,
        "narHash": "sha256-7XG/QBqhrYOyA2houjRTL2NMa7IKZZ/somBqr+Q/6Wo=",
        "owner": "NixOS",
        "repo": "nixpkgs",
        "rev": "0d00f23f023b7215b3f1035adb5247c8ec180dbc",
        "type": "github"
      },
      "original": {
        "owner": "NixOS",
        "ref": "nixpkgs-unstable",
        "repo": "nixpkgs",
        "type": "github"
      }
    },
    "root": {
      "inputs": {
        "home-manager": "home-manager",
        "homebrew-bundle": "homebrew-bundle",
        "homebrew-cask": "homebrew-cask",
        "homebrew-core": "homebrew-core",
        "homebrew-hashicorp": "homebrew-hashicorp",
        "homebrew-moonlight": "homebrew-moonlight",
        "homebrew-services": "homebrew-services",
        "homebrew-youtube-music": "homebrew-youtube-music",
        "laio": "laio",
        "nix-darwin": "nix-darwin",
        "nix-flatpak": "nix-flatpak",
        "nix-homebrew": "nix-homebrew",
        "nixpkgs": "nixpkgs_3"
      }
    },
    "rust-analyzer-src": {
      "flake": false,
      "locked": {
        "lastModified": 1752817855,
        "narHash": "sha256-YnG3d44oX+g2ooUsNWT+Ii24w6T+b0dj86k0HkIFUj4=",
        "owner": "rust-lang",
        "repo": "rust-analyzer",
        "rev": "330c4ed11c4e1eef0999a2cd629703a601da1436",
        "type": "github"
      },
      "original": {
        "owner": "rust-lang",
        "ref": "nightly",
        "repo": "rust-analyzer",
        "type": "github"
      }
    },
    "systems": {
      "locked": {
        "lastModified": 1681028828,
        "narHash": "sha256-Vy1rq5AaRuLzOxct8nz4T6wlgyUR7zLU309k9mBC768=",
        "owner": "nix-systems",
        "repo": "default",
        "rev": "da67096a3b9bf56a91d16901293e51ba5b49a27e",
        "type": "github"
      },
      "original": {
        "owner": "nix-systems",
        "repo": "default",
        "type": "github"
      }
    }
  },
  "root": "root",
  "version": 7
}
