{
  "nodes": {
    "brew-src": {
      "flake": false,
      "locked": {
        "lastModified": 1756059815,
        "narHash": "sha256-UALOxoXoFIHbwKzcqbqCAqw5cC0MJEehLaWSet5vxfE=",
        "owner": "Homebrew",
        "repo": "brew",
        "rev": "02947ea4edbdef5fcce9ee57fa289547f4d096c9",
        "type": "github"
      },
      "original": {
        "owner": "Homebrew",
        "ref": "4.6.7",
        "repo": "brew",
        "type": "github"
      }
    },
    "devshell": {
      "inputs": {
        "nixpkgs": "nixpkgs"
      },
      "locked": {
        "lastModified": 1741473158,
        "narHash": "sha256-kWNaq6wQUbUMlPgw8Y+9/9wP0F8SHkjy24/mN3UAppg=",
        "owner": "numtide",
        "repo": "devshell",
        "rev": "7c9e793ebe66bcba8292989a68c0419b737a22a0",
        "type": "github"
      },
      "original": {
        "owner": "numtide",
        "repo": "devshell",
        "type": "github"
      }
    },
    "fenix": {
      "inputs": {
        "nixpkgs": [
          "laio",
          "nixpkgs"
        ],
        "rust-analyzer-src": "rust-analyzer-src"
      },
      "locked": {
        "lastModified": 1757745213,
        "narHash": "sha256-P9VX/P2mN96MkFN8hwCYUQ+LV1bfH57UJ/pGwjd0Olc=",
        "owner": "nix-community",
        "repo": "fenix",
        "rev": "1458349a1bd55105f917e962dca4b328ac0a55e8",
        "type": "github"
      },
      "original": {
        "owner": "nix-community",
        "repo": "fenix",
        "type": "github"
      }
    },
    "flake-utils": {
      "inputs": {
        "systems": "systems"
      },
      "locked": {
        "lastModified": 1731533236,
        "narHash": "sha256-l0KFg5HjrsfsO/JpG+r7fRrqm12kzFHyUHqHCVpMMbI=",
        "owner": "numtide",
        "repo": "flake-utils",
        "rev": "11707dc2f618dd54ca8739b309ec4fc024de578b",
        "type": "github"
      },
      "original": {
        "owner": "numtide",
        "repo": "flake-utils",
        "type": "github"
      }
    },
    "home-manager": {
      "inputs": {
        "nixpkgs": [
          "nixpkgs"
        ]
      },
      "locked": {
        "lastModified": 1758079914,
        "narHash": "sha256-2ZiUBmxgY1DnCpvL5X9L0JO391WK2jwDjNjO7tWqtiA=",
        "owner": "nix-community",
        "repo": "home-manager",
        "rev": "fad8e3033e95d0a4595080e1efc8927b16ac18ed",
        "type": "github"
      },
      "original": {
        "owner": "nix-community",
        "ref": "master",
        "repo": "home-manager",
        "type": "github"
      }
    },
    "homebrew-bundle": {
      "flake": false,
      "locked": {
        "lastModified": 1745335228,
        "narHash": "sha256-TIKR2UgtyUmHLNZp255/vLs+1I10hXe+sciMEbAGFwE=",
        "owner": "homebrew",
        "repo": "homebrew-bundle",
        "rev": "a3265c84b232e13048ecbf6fc18a2eedfadbeb08",
        "type": "github"
      },
      "original": {
        "owner": "homebrew",
        "repo": "homebrew-bundle",
        "type": "github"
      }
    },
    "homebrew-cask": {
      "flake": false,
      "locked": {
        "lastModified": 1758079057,
        "narHash": "sha256-p6ShoIxtAjVbomvLAumv5eFOQVOSbCy9sqyd1hvGqoU=",
        "owner": "homebrew",
        "repo": "homebrew-cask",
        "rev": "256ff530535fb86fd1985f38130ebb6c30b6c326",
        "type": "github"
      },
      "original": {
        "owner": "homebrew",
        "repo": "homebrew-cask",
        "type": "github"
      }
    },
    "homebrew-core": {
      "flake": false,
      "locked": {
        "lastModified": 1758080459,
        "narHash": "sha256-EfHvaBJrKZs450OyNsKegFOImqAn/tRLUqJ9q7N42Mc=",
        "owner": "homebrew",
        "repo": "homebrew-core",
        "rev": "ace0a2a365a1430007db4efa156f0bdaea99cd47",
        "type": "github"
      },
      "original": {
        "owner": "homebrew",
        "repo": "homebrew-core",
        "type": "github"
      }
    },
    "homebrew-hashicorp": {
      "flake": false,
      "locked": {
        "lastModified": 1758060743,
        "narHash": "sha256-VeSxAO5DS4FS9vr/59EcpCwrQh2UiUte4PN9k7smB2Y=",
        "owner": "hashicorp",
        "repo": "homebrew-tap",
        "rev": "892dd945458c92a1e4d9fc887cc4677eb9c4df53",
        "type": "github"
      },
      "original": {
        "owner": "hashicorp",
        "repo": "homebrew-tap",
        "type": "github"
      }
    },
    "homebrew-mongodb": {
      "flake": false,
      "locked": {
        "lastModified": 1755823123,
        "narHash": "sha256-PcfIRprUAMmmZLRp9SOhVyMmoq3ttfT7f36oJilx5Ik=",
        "owner": "mongodb",
        "repo": "homebrew-brew",
        "rev": "4cd45d276b506c8e1b09ea3982f2a471affda208",
        "type": "github"
      },
      "original": {
        "owner": "mongodb",
        "repo": "homebrew-brew",
        "type": "github"
      }
    },
    "homebrew-moonlight": {
      "flake": false,
      "locked": {
        "lastModified": 1758079816,
        "narHash": "sha256-fYW9kbg2h4CA7ufBveCb72ThT+TfhplMSXVKK+lDl5g=",
        "owner": "moonlight8978",
        "repo": "homebrew-tap",
        "rev": "3c5f6a83c4239ffb5ea68c40f11267b2963b7c8c",
        "type": "github"
      },
      "original": {
        "owner": "moonlight8978",
        "repo": "homebrew-tap",
        "type": "github"
      }
    },
    "homebrew-services": {
      "flake": false,
      "locked": {
        "lastModified": 1742475690,
        "narHash": "sha256-qg3/+iHtnFe6VxGapisTatGnoH0XG4BnWWqwwzWYzk0=",
        "owner": "homebrew",
        "repo": "homebrew-services",
        "rev": "2c294ab9515576d961cea28c93148c6452db2def",
        "type": "github"
      },
      "original": {
        "owner": "homebrew",
        "repo": "homebrew-services",
        "type": "github"
      }
    },
    "homebrew-telepresence": {
      "flake": false,
      "locked": {
        "lastModified": 1757086366,
        "narHash": "sha256-ags3TT3TCfm60zpAlmTYv9sTKRl25t+MSc7jIKtePvM=",
        "owner": "telepresenceio",
        "repo": "homebrew-telepresence",
        "rev": "4a19ba754336915aa22d25381e7de4ed48b71442",
        "type": "github"
      },
      "original": {
        "owner": "telepresenceio",
        "repo": "homebrew-telepresence",
        "type": "github"
      }
    },
    "homebrew-youtube-music": {
      "flake": false,
      "locked": {
        "lastModified": 1731101531,
        "narHash": "sha256-XD4ShzgYp4/BLSQO112pXAb5SxGrQr1MRaepfjTB2CA=",
        "owner": "th-ch",
        "repo": "homebrew-youtube-music",
        "rev": "9ccc1e40dd77c2b21564b470ed9fca50b07bceb1",
        "type": "github"
      },
      "original": {
        "owner": "th-ch",
        "repo": "homebrew-youtube-music",
        "type": "github"
      }
    },
    "laio": {
      "inputs": {
        "devshell": "devshell",
        "fenix": "fenix",
        "flake-utils": "flake-utils",
        "nixpkgs": "nixpkgs_2"
      },
      "locked": {
        "lastModified": 1757963868,
        "narHash": "sha256-o/uNUbV+ciWFtNQe0GCKtXKYblGTh3FK9W/TEFI+oHU=",
        "owner": "ck3mp3r",
        "repo": "laio-cli",
        "rev": "b07807b0396980cd56ea5034f5cf98d82a74d6f4",
        "type": "github"
      },
      "original": {
        "owner": "ck3mp3r",
        "repo": "laio-cli",
        "type": "github"
      }
    },
    "nix-darwin": {
      "inputs": {
        "nixpkgs": [
          "nixpkgs"
        ]
      },
      "locked": {
        "lastModified": 1757430124,
        "narHash": "sha256-MhDltfXesGH8VkGv3hmJ1QEKl1ChTIj9wmGAFfWj/Wk=",
        "owner": "nix-darwin",
        "repo": "nix-darwin",
        "rev": "830b3f0b50045cf0bcfd4dab65fad05bf882e196",
        "type": "github"
      },
      "original": {
        "owner": "nix-darwin",
        "ref": "master",
        "repo": "nix-darwin",
        "type": "github"
      }
    },
    "nix-flatpak": {
      "locked": {
        "lastModified": 1754777568,
        "narHash": "sha256-0bBqT+3XncgF8F03RFAamw9vdf0VmaDoIJLTGkjfQZs=",
        "owner": "gmodena",
        "repo": "nix-flatpak",
        "rev": "62f636b87ef6050760a8cb325cadb90674d1e23e",
        "type": "github"
      },
      "original": {
        "owner": "gmodena",
        "ref": "main",
        "repo": "nix-flatpak",
        "type": "github"
      }
    },
    "nix-homebrew": {
      "inputs": {
        "brew-src": "brew-src"
      },
      "locked": {
        "lastModified": 1756398546,
        "narHash": "sha256-n4GVDLhKu65XFraJuCzap2AaZji4xhPaZMTJ8aQdD3s=",
        "owner": "zhaofengli",
        "repo": "nix-homebrew",
        "rev": "3aa475996cb3bc1ecefa88c99c466e6f0bc17431",
        "type": "github"
      },
      "original": {
        "owner": "zhaofengli",
        "repo": "nix-homebrew",
        "type": "github"
      }
    },
    "nixpkgs": {
      "locked": {
        "lastModified": 1722073938,
        "narHash": "sha256-OpX0StkL8vpXyWOGUD6G+MA26wAXK6SpT94kLJXo6B4=",
        "owner": "NixOS",
        "repo": "nixpkgs",
        "rev": "e36e9f57337d0ff0cf77aceb58af4c805472bfae",
        "type": "github"
      },
      "original": {
        "owner": "NixOS",
        "ref": "nixpkgs-unstable",
        "repo": "nixpkgs",
        "type": "github"
      }
    },
    "nixpkgs_2": {
      "locked": {
        "lastModified": 1757808619,
        "narHash": "sha256-g0Oe7DD0yMhtCbGVZtX2BFoEWuvgJNlS/4EYwPn/73Q=",
        "owner": "NixOs",
        "repo": "nixpkgs",
        "rev": "4199f186ecc15a2a56db94152f855606728aeace",
        "type": "github"
      },
      "original": {
        "owner": "NixOs",
        "repo": "nixpkgs",
        "type": "github"
      }
    },
    "nixpkgs_3": {
      "locked": {
        "lastModified": 1758029226,
        "narHash": "sha256-TjqVmbpoCqWywY9xIZLTf6ANFvDCXdctCjoYuYPYdMI=",
        "owner": "NixOS",
        "repo": "nixpkgs",
        "rev": "08b8f92ac6354983f5382124fef6006cade4a1c1",
        "type": "github"
      },
      "original": {
        "owner": "NixOS",
        "ref": "nixpkgs-unstable",
        "repo": "nixpkgs",
        "type": "github"
      }
    },
    "root": {
      "inputs": {
        "home-manager": "home-manager",
        "homebrew-bundle": "homebrew-bundle",
        "homebrew-cask": "homebrew-cask",
        "homebrew-core": "homebrew-core",
        "homebrew-hashicorp": "homebrew-hashicorp",
        "homebrew-mongodb": "homebrew-mongodb",
        "homebrew-moonlight": "homebrew-moonlight",
        "homebrew-services": "homebrew-services",
        "homebrew-telepresence": "homebrew-telepresence",
        "homebrew-youtube-music": "homebrew-youtube-music",
        "laio": "laio",
        "nix-darwin": "nix-darwin",
        "nix-flatpak": "nix-flatpak",
        "nix-homebrew": "nix-homebrew",
        "nixpkgs": "nixpkgs_3"
      }
    },
    "rust-analyzer-src": {
      "flake": false,
      "locked": {
        "lastModified": 1757362324,
        "narHash": "sha256-/PAhxheUq4WBrW5i/JHzcCqK5fGWwLKdH6/Lu1tyS18=",
        "owner": "rust-lang",
        "repo": "rust-analyzer",
        "rev": "9edc9cbe5d8e832b5864e09854fa94861697d2fd",
        "type": "github"
      },
      "original": {
        "owner": "rust-lang",
        "ref": "nightly",
        "repo": "rust-analyzer",
        "type": "github"
      }
    },
    "systems": {
      "locked": {
        "lastModified": 1681028828,
        "narHash": "sha256-Vy1rq5AaRuLzOxct8nz4T6wlgyUR7zLU309k9mBC768=",
        "owner": "nix-systems",
        "repo": "default",
        "rev": "da67096a3b9bf56a91d16901293e51ba5b49a27e",
        "type": "github"
      },
      "original": {
        "owner": "nix-systems",
        "repo": "default",
        "type": "github"
      }
    }
  },
  "root": "root",
  "version": 7
}
