{
  "nodes": {
    "brew-src": {
      "flake": false,
      "locked": {
        "lastModified": 1769363988,
        "narHash": "sha256-BiGPeulrDVetXP+tjxhMcGLUROZAtZIhU5m4MqawCfM=",
        "owner": "Homebrew",
        "repo": "brew",
        "rev": "d01011cac6d72032c75fd2cd9489909e95d9faf2",
        "type": "github"
      },
      "original": {
        "owner": "Homebrew",
        "ref": "5.0.12",
        "repo": "brew",
        "type": "github"
      }
    },
    "homebrew-auth0": {
      "flake": false,
      "locked": {
        "lastModified": 1772535165,
        "narHash": "sha256-YIlqHoQv03+gFQPQSRpHrAJfg+UyG6Vo523D1WT1eeY=",
        "owner": "auth0",
        "repo": "homebrew-auth0-cli",
        "rev": "c441701cfac2aa179c87f2bdd6eee69fabeb6248",
        "type": "github"
      },
      "original": {
        "owner": "auth0",
        "repo": "homebrew-auth0-cli",
        "type": "github"
      }
    },
    "homebrew-bundle": {
      "flake": false,
      "locked": {
        "lastModified": 1745335228,
        "narHash": "sha256-TIKR2UgtyUmHLNZp255/vLs+1I10hXe+sciMEbAGFwE=",
        "owner": "homebrew",
        "repo": "homebrew-bundle",
        "rev": "a3265c84b232e13048ecbf6fc18a2eedfadbeb08",
        "type": "github"
      },
      "original": {
        "owner": "homebrew",
        "repo": "homebrew-bundle",
        "type": "github"
      }
    },
    "homebrew-cask": {
      "flake": false,
      "locked": {
        "lastModified": 1772761369,
        "narHash": "sha256-IyKJXzwLRu9hs3jbD55C+QBbL91O/ufTIrdtjohkcAc=",
        "owner": "homebrew",
        "repo": "homebrew-cask",
        "rev": "9dbb23a25d2da33d2ff0815c604b8d4d43a27ac6",
        "type": "github"
      },
      "original": {
        "owner": "homebrew",
        "repo": "homebrew-cask",
        "type": "github"
      }
    },
    "homebrew-core": {
      "flake": false,
      "locked": {
        "lastModified": 1772761851,
        "narHash": "sha256-LVvlIuf5gxKILSkEFUXIR37eP4R1YV0H10o2JO1eTSk=",
        "owner": "homebrew",
        "repo": "homebrew-core",
        "rev": "f4891b2ff9ef4b4145c92198e491984934312f5a",
        "type": "github"
      },
      "original": {
        "owner": "homebrew",
        "repo": "homebrew-core",
        "type": "github"
      }
    },
    "homebrew-hashicorp": {
      "flake": false,
      "locked": {
        "lastModified": 1772739611,
        "narHash": "sha256-0ARURZ/WpkdTlGMHjmlnh1YxHCYptgJRuWz1Fgph9/0=",
        "owner": "hashicorp",
        "repo": "homebrew-tap",
        "rev": "ef24df3a4251413609888ac3fe97ad6367ec799e",
        "type": "github"
      },
      "original": {
        "owner": "hashicorp",
        "repo": "homebrew-tap",
        "type": "github"
      }
    },
    "homebrew-k0s": {
      "flake": false,
      "locked": {
        "lastModified": 1769084107,
        "narHash": "sha256-BY21OVRKpHZE7949dDt7Oxpw1MXstsBhJFl6djwSUc4=",
        "owner": "k0sproject",
        "repo": "homebrew-tap",
        "rev": "38ea265ce0b7d974b8da8ab6c36a32d87ea05905",
        "type": "github"
      },
      "original": {
        "owner": "k0sproject",
        "repo": "homebrew-tap",
        "type": "github"
      }
    },
    "homebrew-macos-cross-toolchains": {
      "flake": false,
      "locked": {
        "lastModified": 1771152123,
        "narHash": "sha256-n9uQNueFY+W5jsJfd5m+2x7p3HFw7nu2BcW+M1RaOuY=",
        "owner": "messense",
        "repo": "macos-cross-toolchains",
        "rev": "a76e79b487badebb6f70814bef72a7e969d33834",
        "type": "github"
      },
      "original": {
        "owner": "messense",
        "repo": "macos-cross-toolchains",
        "type": "github"
      }
    },
    "homebrew-mongodb": {
      "flake": false,
      "locked": {
        "lastModified": 1772559691,
        "narHash": "sha256-mXk4dU/8EW3Zu8a7f46hGZ4vrCQmncPogxu0+7eOm10=",
        "owner": "mongodb",
        "repo": "homebrew-brew",
        "rev": "4af8948580f40621ed6227f8bede29b06651f097",
        "type": "github"
      },
      "original": {
        "owner": "mongodb",
        "repo": "homebrew-brew",
        "type": "github"
      }
    },
    "homebrew-moonlight": {
      "flake": false,
      "locked": {
        "lastModified": 1769820055,
        "narHash": "sha256-uJtOyUrlJC+xn2IBvEyv2YjQhJgoH4kFTNF4nPjcarI=",
        "owner": "moonlight8978",
        "repo": "homebrew-tap",
        "rev": "6adf1097b0e4f2dde701e7fe9602d4e9e6d53276",
        "type": "github"
      },
      "original": {
        "owner": "moonlight8978",
        "repo": "homebrew-tap",
        "type": "github"
      }
    },
    "homebrew-services": {
      "flake": false,
      "locked": {
        "lastModified": 1742475690,
        "narHash": "sha256-qg3/+iHtnFe6VxGapisTatGnoH0XG4BnWWqwwzWYzk0=",
        "owner": "homebrew",
        "repo": "homebrew-services",
        "rev": "2c294ab9515576d961cea28c93148c6452db2def",
        "type": "github"
      },
      "original": {
        "owner": "homebrew",
        "repo": "homebrew-services",
        "type": "github"
      }
    },
    "homebrew-telepresence": {
      "flake": false,
      "locked": {
        "lastModified": 1772314374,
        "narHash": "sha256-2bKDMtQX8RHyl6oX7gsgJYrWV9er8IUHRUvctlfbym0=",
        "owner": "telepresenceio",
        "repo": "homebrew-telepresence",
        "rev": "283a4d42baf970e9dac51fa684bd092aac6b53f2",
        "type": "github"
      },
      "original": {
        "owner": "telepresenceio",
        "repo": "homebrew-telepresence",
        "type": "github"
      }
    },
    "nix-homebrew": {
      "inputs": {
        "brew-src": "brew-src"
      },
      "locked": {
        "lastModified": 1769437432,
        "narHash": "sha256-8d7KnCpT2LweRvSzZYEGd9IM3eFX+A78opcnDM0+ndk=",
        "owner": "zhaofengli",
        "repo": "nix-homebrew",
        "rev": "a5409abd0d5013d79775d3419bcac10eacb9d8c5",
        "type": "github"
      },
      "original": {
        "owner": "zhaofengli",
        "repo": "nix-homebrew",
        "type": "github"
      }
    },
    "root": {
      "inputs": {
        "homebrew-auth0": "homebrew-auth0",
        "homebrew-bundle": "homebrew-bundle",
        "homebrew-cask": "homebrew-cask",
        "homebrew-core": "homebrew-core",
        "homebrew-hashicorp": "homebrew-hashicorp",
        "homebrew-k0s": "homebrew-k0s",
        "homebrew-macos-cross-toolchains": "homebrew-macos-cross-toolchains",
        "homebrew-mongodb": "homebrew-mongodb",
        "homebrew-moonlight": "homebrew-moonlight",
        "homebrew-services": "homebrew-services",
        "homebrew-telepresence": "homebrew-telepresence",
        "nix-homebrew": "nix-homebrew"
      }
    }
  },
  "root": "root",
  "version": 7
}
