{
  "nodes": {
    "brew-src": {
      "flake": false,
      "locked": {
        "lastModified": 1781226006,
        "narHash": "sha256-w4ZTuOnhYiDxjaynrMTASzp802QblBWmo3wpB8wVN4Y=",
        "owner": "Homebrew",
        "repo": "brew",
        "rev": "109191be4988470b51a60a5ef1998520aa24c01b",
        "type": "github"
      },
      "original": {
        "owner": "Homebrew",
        "ref": "6.0.1",
        "repo": "brew",
        "type": "github"
      }
    },
    "homebrew-anomalyco": {
      "flake": false,
      "locked": {
        "lastModified": 1782919023,
        "narHash": "sha256-84o8kHQ+/x8p61QB61SP0F5km2ZWMItXqcJEimlzTLg=",
        "owner": "anomalyco",
        "repo": "homebrew-tap",
        "rev": "134dd4b7904a9559a888aef99a9e1011671e3743",
        "type": "github"
      },
      "original": {
        "owner": "anomalyco",
        "repo": "homebrew-tap",
        "type": "github"
      }
    },
    "homebrew-auth0": {
      "flake": false,
      "locked": {
        "lastModified": 1782216645,
        "narHash": "sha256-KNKIy0ubZxJUlGeZf0oPRIWRqWrO3SQhk2gPW/7pW2o=",
        "owner": "auth0",
        "repo": "homebrew-auth0-cli",
        "rev": "319b565ab4350ccfa7a6e40266c5944f6e6bf6a3",
        "type": "github"
      },
      "original": {
        "owner": "auth0",
        "repo": "homebrew-auth0-cli",
        "type": "github"
      }
    },
    "homebrew-bundle": {
      "flake": false,
      "locked": {
        "lastModified": 1745335228,
        "narHash": "sha256-TIKR2UgtyUmHLNZp255/vLs+1I10hXe+sciMEbAGFwE=",
        "owner": "homebrew",
        "repo": "homebrew-bundle",
        "rev": "a3265c84b232e13048ecbf6fc18a2eedfadbeb08",
        "type": "github"
      },
      "original": {
        "owner": "homebrew",
        "repo": "homebrew-bundle",
        "type": "github"
      }
    },
    "homebrew-cask": {
      "flake": false,
      "locked": {
        "lastModified": 1782953809,
        "narHash": "sha256-6AbvgRV9o9ypShULsGza52zok7l86MCzByX7R6yo3oM=",
        "owner": "homebrew",
        "repo": "homebrew-cask",
        "rev": "4101da6f1129404ee6de3d6412268ac90dd1e7e3",
        "type": "github"
      },
      "original": {
        "owner": "homebrew",
        "repo": "homebrew-cask",
        "type": "github"
      }
    },
    "homebrew-core": {
      "flake": false,
      "locked": {
        "lastModified": 1782952087,
        "narHash": "sha256-NP/WA/tnlcf+rpx0A4CAGn6gGx1kV03MpavTuo0Bi3Y=",
        "owner": "homebrew",
        "repo": "homebrew-core",
        "rev": "554ce9e30099b42006dcb38cb599308b8a851882",
        "type": "github"
      },
      "original": {
        "owner": "homebrew",
        "repo": "homebrew-core",
        "type": "github"
      }
    },
    "homebrew-hashicorp": {
      "flake": false,
      "locked": {
        "lastModified": 1782416015,
        "narHash": "sha256-qaYhohqV2oZQV/p0QAYt4wzZ226OzNRBLvuQNL4LfY4=",
        "owner": "hashicorp",
        "repo": "homebrew-tap",
        "rev": "799920c3dff461e9bf630be4c687e43606bbc1e3",
        "type": "github"
      },
      "original": {
        "owner": "hashicorp",
        "repo": "homebrew-tap",
        "type": "github"
      }
    },
    "homebrew-k0s": {
      "flake": false,
      "locked": {
        "lastModified": 1781785825,
        "narHash": "sha256-GOc99JLqVMtT9Wm0Id4kmiWQio8H6o3Vts1t5FrMqLo=",
        "owner": "k0sproject",
        "repo": "homebrew-tap",
        "rev": "b09d83b7b666cc743bd6ac5c1e0642fa95f7dd5d",
        "type": "github"
      },
      "original": {
        "owner": "k0sproject",
        "repo": "homebrew-tap",
        "type": "github"
      }
    },
    "homebrew-macos-cross-toolchains": {
      "flake": false,
      "locked": {
        "lastModified": 1771152123,
        "narHash": "sha256-n9uQNueFY+W5jsJfd5m+2x7p3HFw7nu2BcW+M1RaOuY=",
        "owner": "messense",
        "repo": "macos-cross-toolchains",
        "rev": "a76e79b487badebb6f70814bef72a7e969d33834",
        "type": "github"
      },
      "original": {
        "owner": "messense",
        "repo": "macos-cross-toolchains",
        "type": "github"
      }
    },
    "homebrew-mongodb": {
      "flake": false,
      "locked": {
        "lastModified": 1782830835,
        "narHash": "sha256-/ZPciw75+B4lcUp0nXgNzLHlr4d1rqtvTLoEeucJGOI=",
        "owner": "mongodb",
        "repo": "homebrew-brew",
        "rev": "524d464ddf7aa858a45fee61a7351c3822bde47d",
        "type": "github"
      },
      "original": {
        "owner": "mongodb",
        "repo": "homebrew-brew",
        "type": "github"
      }
    },
    "homebrew-moonlight": {
      "flake": false,
      "locked": {
        "lastModified": 1769820055,
        "narHash": "sha256-uJtOyUrlJC+xn2IBvEyv2YjQhJgoH4kFTNF4nPjcarI=",
        "owner": "moonlight8978",
        "repo": "homebrew-tap",
        "rev": "6adf1097b0e4f2dde701e7fe9602d4e9e6d53276",
        "type": "github"
      },
      "original": {
        "owner": "moonlight8978",
        "repo": "homebrew-tap",
        "type": "github"
      }
    },
    "homebrew-services": {
      "flake": false,
      "locked": {
        "lastModified": 1742475690,
        "narHash": "sha256-qg3/+iHtnFe6VxGapisTatGnoH0XG4BnWWqwwzWYzk0=",
        "owner": "homebrew",
        "repo": "homebrew-services",
        "rev": "2c294ab9515576d961cea28c93148c6452db2def",
        "type": "github"
      },
      "original": {
        "owner": "homebrew",
        "repo": "homebrew-services",
        "type": "github"
      }
    },
    "homebrew-telepresence": {
      "flake": false,
      "locked": {
        "lastModified": 1782287057,
        "narHash": "sha256-puzz3wvZLwqxOwW0hBmrqKIsyfk1f++aSW6qnFY0rKs=",
        "owner": "telepresenceio",
        "repo": "homebrew-telepresence",
        "rev": "021688522234858efe5a2c8cbf3e8aedd5f506e3",
        "type": "github"
      },
      "original": {
        "owner": "telepresenceio",
        "repo": "homebrew-telepresence",
        "type": "github"
      }
    },
    "nix-homebrew": {
      "inputs": {
        "brew-src": "brew-src"
      },
      "locked": {
        "lastModified": 1781389246,
        "narHash": "sha256-ORqLAo/hoJdsZC7UPAuEHev6S0+XIqKEC7vjo5prz1k=",
        "owner": "zhaofengli",
        "repo": "nix-homebrew",
        "rev": "de7953a08ed4bb9245be043e468561c17b89130d",
        "type": "github"
      },
      "original": {
        "owner": "zhaofengli",
        "repo": "nix-homebrew",
        "type": "github"
      }
    },
    "root": {
      "inputs": {
        "homebrew-anomalyco": "homebrew-anomalyco",
        "homebrew-auth0": "homebrew-auth0",
        "homebrew-bundle": "homebrew-bundle",
        "homebrew-cask": "homebrew-cask",
        "homebrew-core": "homebrew-core",
        "homebrew-hashicorp": "homebrew-hashicorp",
        "homebrew-k0s": "homebrew-k0s",
        "homebrew-macos-cross-toolchains": "homebrew-macos-cross-toolchains",
        "homebrew-mongodb": "homebrew-mongodb",
        "homebrew-moonlight": "homebrew-moonlight",
        "homebrew-services": "homebrew-services",
        "homebrew-telepresence": "homebrew-telepresence",
        "nix-homebrew": "nix-homebrew"
      }
    }
  },
  "root": "root",
  "version": 7
}
