{
  "nodes": {
    "brew-src": {
      "flake": false,
      "locked": {
        "lastModified": 1774235677,
        "narHash": "sha256-0ryNYmzDAeRlrzPTAgmzGH/Cgc8iv/LBN6jWGUANvIk=",
        "owner": "Homebrew",
        "repo": "brew",
        "rev": "894a3d23ac0c8aaf561b9874b528b9cb2e839201",
        "type": "github"
      },
      "original": {
        "owner": "Homebrew",
        "ref": "5.1.1",
        "repo": "brew",
        "type": "github"
      }
    },
    "homebrew-auth0": {
      "flake": false,
      "locked": {
        "lastModified": 1772535165,
        "narHash": "sha256-YIlqHoQv03+gFQPQSRpHrAJfg+UyG6Vo523D1WT1eeY=",
        "owner": "auth0",
        "repo": "homebrew-auth0-cli",
        "rev": "c441701cfac2aa179c87f2bdd6eee69fabeb6248",
        "type": "github"
      },
      "original": {
        "owner": "auth0",
        "repo": "homebrew-auth0-cli",
        "type": "github"
      }
    },
    "homebrew-bundle": {
      "flake": false,
      "locked": {
        "lastModified": 1745335228,
        "narHash": "sha256-TIKR2UgtyUmHLNZp255/vLs+1I10hXe+sciMEbAGFwE=",
        "owner": "homebrew",
        "repo": "homebrew-bundle",
        "rev": "a3265c84b232e13048ecbf6fc18a2eedfadbeb08",
        "type": "github"
      },
      "original": {
        "owner": "homebrew",
        "repo": "homebrew-bundle",
        "type": "github"
      }
    },
    "homebrew-cask": {
      "flake": false,
      "locked": {
        "lastModified": 1774920035,
        "narHash": "sha256-QWAIOyAp6YgS+wXUGjjCpdXuwq5WVuaEGB3s84jFS8E=",
        "owner": "homebrew",
        "repo": "homebrew-cask",
        "rev": "b36659f081bf95cba54c3465f2748f14855d7822",
        "type": "github"
      },
      "original": {
        "owner": "homebrew",
        "repo": "homebrew-cask",
        "type": "github"
      }
    },
    "homebrew-core": {
      "flake": false,
      "locked": {
        "lastModified": 1774919814,
        "narHash": "sha256-+JRyON44TJNrjAfjL33hLewmjdK6tfmpgqb2oAHTJ/g=",
        "owner": "homebrew",
        "repo": "homebrew-core",
        "rev": "feaa828be76b57fc1dc75f5938e7462902eb39a2",
        "type": "github"
      },
      "original": {
        "owner": "homebrew",
        "repo": "homebrew-core",
        "type": "github"
      }
    },
    "homebrew-hashicorp": {
      "flake": false,
      "locked": {
        "lastModified": 1774553243,
        "narHash": "sha256-lu/Wl/49xSivBoh+3kEIsW4lmSsGWXoBPjoV7pzYYAI=",
        "owner": "hashicorp",
        "repo": "homebrew-tap",
        "rev": "be0112e7769bab8c3c0bf58deb2d5aa104e41885",
        "type": "github"
      },
      "original": {
        "owner": "hashicorp",
        "repo": "homebrew-tap",
        "type": "github"
      }
    },
    "homebrew-k0s": {
      "flake": false,
      "locked": {
        "lastModified": 1774515095,
        "narHash": "sha256-vzHwpFXgp6g7A+PyyZ6dQnevPjQCK70DokPlFYWWJD8=",
        "owner": "k0sproject",
        "repo": "homebrew-tap",
        "rev": "41cf1e9784a4804df72d450762c1a68efae41108",
        "type": "github"
      },
      "original": {
        "owner": "k0sproject",
        "repo": "homebrew-tap",
        "type": "github"
      }
    },
    "homebrew-macos-cross-toolchains": {
      "flake": false,
      "locked": {
        "lastModified": 1771152123,
        "narHash": "sha256-n9uQNueFY+W5jsJfd5m+2x7p3HFw7nu2BcW+M1RaOuY=",
        "owner": "messense",
        "repo": "macos-cross-toolchains",
        "rev": "a76e79b487badebb6f70814bef72a7e969d33834",
        "type": "github"
      },
      "original": {
        "owner": "messense",
        "repo": "macos-cross-toolchains",
        "type": "github"
      }
    },
    "homebrew-mongodb": {
      "flake": false,
      "locked": {
        "lastModified": 1772559691,
        "narHash": "sha256-mXk4dU/8EW3Zu8a7f46hGZ4vrCQmncPogxu0+7eOm10=",
        "owner": "mongodb",
        "repo": "homebrew-brew",
        "rev": "4af8948580f40621ed6227f8bede29b06651f097",
        "type": "github"
      },
      "original": {
        "owner": "mongodb",
        "repo": "homebrew-brew",
        "type": "github"
      }
    },
    "homebrew-moonlight": {
      "flake": false,
      "locked": {
        "lastModified": 1769820055,
        "narHash": "sha256-uJtOyUrlJC+xn2IBvEyv2YjQhJgoH4kFTNF4nPjcarI=",
        "owner": "moonlight8978",
        "repo": "homebrew-tap",
        "rev": "6adf1097b0e4f2dde701e7fe9602d4e9e6d53276",
        "type": "github"
      },
      "original": {
        "owner": "moonlight8978",
        "repo": "homebrew-tap",
        "type": "github"
      }
    },
    "homebrew-services": {
      "flake": false,
      "locked": {
        "lastModified": 1742475690,
        "narHash": "sha256-qg3/+iHtnFe6VxGapisTatGnoH0XG4BnWWqwwzWYzk0=",
        "owner": "homebrew",
        "repo": "homebrew-services",
        "rev": "2c294ab9515576d961cea28c93148c6452db2def",
        "type": "github"
      },
      "original": {
        "owner": "homebrew",
        "repo": "homebrew-services",
        "type": "github"
      }
    },
    "homebrew-telepresence": {
      "flake": false,
      "locked": {
        "lastModified": 1774821133,
        "narHash": "sha256-OG9Zps0d2pOhFQ8qeDKCmNmK+u4/NRI7ddkXQzJ3nPA=",
        "owner": "telepresenceio",
        "repo": "homebrew-telepresence",
        "rev": "19bb47347f1adc9b10219804dd2e6262822ce5d0",
        "type": "github"
      },
      "original": {
        "owner": "telepresenceio",
        "repo": "homebrew-telepresence",
        "type": "github"
      }
    },
    "nix-homebrew": {
      "inputs": {
        "brew-src": "brew-src"
      },
      "locked": {
        "lastModified": 1774720267,
        "narHash": "sha256-YYftFe8jyfpQI649yfr0E+dqEXE2jznZNcYvy/lKV1U=",
        "owner": "zhaofengli",
        "repo": "nix-homebrew",
        "rev": "a7760a3a83f7609f742861afb5732210fdc437ed",
        "type": "github"
      },
      "original": {
        "owner": "zhaofengli",
        "repo": "nix-homebrew",
        "type": "github"
      }
    },
    "root": {
      "inputs": {
        "homebrew-auth0": "homebrew-auth0",
        "homebrew-bundle": "homebrew-bundle",
        "homebrew-cask": "homebrew-cask",
        "homebrew-core": "homebrew-core",
        "homebrew-hashicorp": "homebrew-hashicorp",
        "homebrew-k0s": "homebrew-k0s",
        "homebrew-macos-cross-toolchains": "homebrew-macos-cross-toolchains",
        "homebrew-mongodb": "homebrew-mongodb",
        "homebrew-moonlight": "homebrew-moonlight",
        "homebrew-services": "homebrew-services",
        "homebrew-telepresence": "homebrew-telepresence",
        "nix-homebrew": "nix-homebrew"
      }
    }
  },
  "root": "root",
  "version": 7
}
